// !$*UTF8*$!
{
	archiveVersion = 1;
	classes = {
	};
	objectVersion = 46;
	objects = {

/* Begin PBXBuildFile section */
		4FE4BC811CB439DA0076E260 /* AppDelegate.swift in Sources */ = {isa = PBXBuildFile; fileRef = 4FE4BC801CB439DA0076E260 /* AppDelegate.swift */; };
		4FE4BC831CB439DA0076E260 /* ViewController.swift in Sources */ = {isa = PBXBuildFile; fileRef = 4FE4BC821CB439DA0076E260 /* ViewController.swift */; };
		4FE4BC861CB439DA0076E260 /* Main.storyboard in Resources */ = {isa = PBXBuildFile; fileRef = 4FE4BC841CB439DA0076E260 /* Main.storyboard */; };
		4FE4BC881CB439DA0076E260 /* Assets.xcassets in Resources */ = {isa = PBXBuildFile; fileRef = 4FE4BC871CB439DA0076E260 /* Assets.xcassets */; };
		4FE4BC8B1CB439DA0076E260 /* LaunchScreen.storyboard in Resources */ = {isa = PBXBuildFile; fileRef = 4FE4BC891CB439DA0076E260 /* LaunchScreen.storyboard */; };
		4FE4BC951CB43D5C0076E260 /* ToDoItem.swift in Sources */ = {isa = PBXBuildFile; fileRef = 4FE4BC941CB43D5C0076E260 /* ToDoItem.swift */; };
		4FE4BC971CB5A7AD0076E260 /* TableViewCell.swift in Sources */ = {isa = PBXBuildFile; fileRef = 4FE4BC961CB5A7AD0076E260 /* TableViewCell.swift */; };
		4FE4BC991CB83C1F0076E260 /* StrikeThroughText.swift in Sources */ = {isa = PBXBuildFile; fileRef = 4FE4BC981CB83C1F0076E260 /* StrikeThroughText.swift */; };
/* End PBXBuildFile section */

/* Begin PBXFileReference section */
		4FE4BC7D1CB439DA0076E260 /* ClearStyle.app */ = {isa = PBXFileReference; explicitFileType = wrapper.application; includeInIndex = 0; path = ClearStyle.app; sourceTree = BUILT_PRODUCTS_DIR; };
		4FE4BC801CB439DA0076E260 /* AppDelegate.swift */ = {isa = PBXFileReference; lastKnownFileType = sourcecode.swift; path = AppDelegate.swift; sourceTree = "<group>"; };
		4FE4BC821CB439DA0076E260 /* ViewController.swift */ = {isa = PBXFileReference; lastKnownFileType = sourcecode.swift; path = ViewController.swift; sourceTree = "<group>"; };
		4FE4BC851CB439DA0076E260 /* Base */ = {isa = PBXFileReference; lastKnownFileType = file.storyboard; name = Base; path = Base.lproj/Main.storyboard; sourceTree = "<group>"; };
		4FE4BC871CB439DA0076E260 /* Assets.xcassets */ = {isa = PBXFileReference; lastKnownFileType = folder.assetcatalog; path = Assets.xcassets; sourceTree = "<group>"; };
		4FE4BC8A1CB439DA0076E260 /* Base */ = {isa = PBXFileReference; lastKnownFileType = file.storyboard; name = Base; path = Base.lproj/LaunchScreen.storyboard; sourceTree = "<group>"; };
		4FE4BC8C1CB439DA0076E260 /* Info.plist */ = {isa = PBXFileReference; lastKnownFileType = text.plist.xml; path = Info.plist; sourceTree = "<group>"; };
		4FE4BC941CB43D5C0076E260 /* ToDoItem.swift */ = {isa = PBXFileReference; fileEncoding = 4; lastKnownFileType = sourcecode.swift; path = ToDoItem.swift; sourceTree = "<group>"; };
		4FE4BC961CB5A7AD0076E260 /* TableViewCell.swift */ = {isa = PBXFileReference; fileEncoding = 4; lastKnownFileType = sourcecode.swift; path = TableViewCell.swift; sourceTree = "<group>"; };
		4FE4BC981CB83C1F0076E260 /* StrikeThroughText.swift */ = {isa = PBXFileReference; fileEncoding = 4; lastKnownFileType = sourcecode.swift; path = StrikeThroughText.swift; sourceTree = "<group>"; };
/* End PBXFileReference section */

/* Begin PBXFrameworksBuildPhase section */
		4FE4BC7A1CB439DA0076E260 /* Frameworks */ = {
			isa = PBXFrameworksBuildPhase;
			buildActionMask = 2147483647;
			files = (
			);
			runOnlyForDeploymentPostprocessing = 0;
		};
/* End PBXFrameworksBuildPhase section */

/* Begin PBXGroup section */
		4FE4BC741CB439DA0076E260 = {
			isa = PBXGroup;
			children = (
				4FE4BC7F1CB439DA0076E260 /* ClearStyle */,
				4FE4BC7E1CB439DA0076E260 /* Products */,
			);
			sourceTree = "<group>";
		};
		4FE4BC7E1CB439DA0076E260 /* Products */ = {
			isa = PBXGroup;
			children = (
				4FE4BC7D1CB439DA0076E260 /* ClearStyle.app */,
			);
			name = Products;
			sourceTree = "<group>";
		};
		4FE4BC7F1CB439DA0076E260 /* ClearStyle */ = {
			isa = PBXGroup;
			children = (
				4FE4BC801CB439DA0076E260 /* AppDelegate.swift */,
				4FE4BC821CB439DA0076E260 /* ViewController.swift */,
				4FE4BC941CB43D5C0076E260 /* ToDoItem.swift */,
				4FE4BC841CB439DA0076E260 /* Main.storyboard */,
				4FE4BC961CB5A7AD0076E260 /* TableViewCell.swift */,
				4FE4BC981CB83C1F0076E260 /* StrikeThroughText.swift */,
				4FE4BC871CB439DA0076E260 /* Assets.xcassets */,
				4FE4BC891CB439DA0076E260 /* LaunchScreen.storyboard */,
				4FE4BC8C1CB439DA0076E260 /* Info.plist */,
			);
			path = ClearStyle;
			sourceTree = "<group>";
		};
/* End PBXGroup section */

/* Begin PBXNativeTarget section */
		4FE4BC7C1CB439DA0076E260 /* ClearStyle */ = {
			isa = PBXNativeTarget;
			buildConfigurationList = 4FE4BC8F1CB439DB0076E260 /* Build configuration list for PBXNativeTarget "ClearStyle" */;
			buildPhases = (
				4FE4BC791CB439DA0076E260 /* Sources */,
				4FE4BC7A1CB439DA0076E260 /* Frameworks */,
				4FE4BC7B1CB439DA0076E260 /* Resources */,
			);
			buildRules = (
			);
			dependencies = (
			);
			name = ClearStyle;
			productName = ClearStyle;
			productReference = 4FE4BC7D1CB439DA0076E260 /* ClearStyle.app */;
			productType = "com.apple.product-type.application";
		};
/* End PBXNativeTarget section */

/* Begin PBXProject section */
		4FE4BC751CB439DA0076E260 /* Project object */ = {
			isa = PBXProject;
			attributes = {
				LastSwiftUpdateCheck = 0730;
				LastUpgradeCheck = 0730;
				ORGANIZATIONNAME = "nishanth golla";
				TargetAttributes = {
					4FE4BC7C1CB439DA0076E260 = {
						CreatedOnToolsVersion = 7.3;
						DevelopmentTeam = W92CYKZS36;
					};
				};
			};
			buildConfigurationList = 4FE4BC781CB439DA0076E260 /* Build configuration list for PBXProject "ClearStyle" */;
			compatibilityVersion = "Xcode 3.2";
			developmentRegion = English;
			hasScannedForEncodings = 0;
			knownRegions = (
				en,
				Base,
			);
			mainGroup = 4FE4BC741CB439DA0076E260;
			productRefGroup = 4FE4BC7E1CB439DA0076E260 /* Products */;
			projectDirPath = "";
			projectRoot = "";
			targets = (
				4FE4BC7C1CB439DA0076E260 /* ClearStyle */,
			);
		};
/* End PBXProject section */

/* Begin PBXResourcesBuildPhase section */
		4FE4BC7B1CB439DA0076E260 /* Resources */ = {
			isa = PBXResourcesBuildPhase;
			buildActionMask = 2147483647;
			files = (
				4FE4BC8B1CB439DA0076E260 /* LaunchScreen.storyboard in Resources */,
				4FE4BC881CB439DA0076E260 /* Assets.xcassets in Resources */,
				4FE4BC861CB439DA0076E260 /* Main.storyboard in Resources */,
			);
			runOnlyForDeploymentPostprocessing = 0;
		};
/* End PBXResourcesBuildPhase section */

/* Begin PBXSourcesBuildPhase section */
		4FE4BC791CB439DA0076E260 /* Sources */ = {
			isa = PBXSourcesBuildPhase;
			buildActionMask = 2147483647;
			files = (
				4FE4BC991CB83C1F0076E260 /* StrikeThroughText.swift in Sources */,
				4FE4BC831CB439DA0076E260 /* ViewController.swift in Sources */,
				4FE4BC971CB5A7AD0076E260 /* TableViewCell.swift in Sources */,
				4FE4BC811CB439DA0076E260 /* AppDelegate.swift in Sources */,
				4FE4BC951CB43D5C0076E260 /* ToDoItem.swift in Sources */,
			);
			runOnlyForDeploymentPostprocessing = 0;
		};
/* End PBXSourcesBuildPhase section */

/* Begin PBXVariantGroup section */
		4FE4BC841CB439DA0076E260 /* Main.storyboard */ = {
			isa = PBXVariantGroup;
			children = (
				4FE4BC851CB439DA0076E260 /* Base */,
			);
			name = Main.storyboard;
			sourceTree = "<group>";
		};
		4FE4BC891CB439DA0076E260 /* LaunchScreen.storyboard */ = {
			isa = PBXVariantGroup;
			children = (
				4FE4BC8A1CB439DA0076E260 /* Base */,
			);
			name = LaunchScreen.storyboard;
			sourceTree = "<group>";
		};
/* End PBXVariantGroup section */

/* Begin XCBuildConfiguration section */
		4FE4BC8D1CB439DA0076E260 /* Debug */ = {
			isa = XCBuildConfiguration;
			buildSettings = {
				ALWAYS_SEARCH_USER_PATHS = NO;
				CLANG_ANALYZER_NONNULL = YES;
				CLANG_CXX_LANGUAGE_STANDARD = "gnu++0x";
				CLANG_CXX_LIBRARY = "libc++";
				CLANG_ENABLE_MODULES = YES;
				CLANG_ENABLE_OBJC_ARC = YES;
				CLANG_WARN_BOOL_CONVERSION = YES;
				CLANG_WARN_CONSTANT_CONVERSION = YES;
				CLANG_WARN_DIRECT_OBJC_ISA_USAGE = YES_ERROR;
				CLANG_WARN_EMPTY_BODY = YES;
				CLANG_WARN_ENUM_CONVERSION = YES;
				CLANG_WARN_INT_CONVERSION = YES;
				CLANG_WARN_OBJC_ROOT_CLASS = YES_ERROR;
				CLANG_WARN_UNREACHABLE_CODE = YES;
				CLANG_WARN__DUPLICATE_METHOD_MATCH = YES;
				"CODE_SIGN_IDENTITY[sdk=iphoneos*]" = "iPhone Developer";
				COPY_PHASE_STRIP = NO;
				DEBUG_INFORMATION_FORMAT = dwarf;
				ENABLE_STRICT_OBJC_MSGSEND = YES;
				ENABLE_TESTABILITY = YES;
				GCC_C_LANGUAGE_STANDARD = gnu99;
				GCC_DYNAMIC_NO_PIC = NO;
				GCC_NO_COMMON_BLOCKS = YES;
				GCC_OPTIMIZATION_LEVEL = 0;
				GCC_PREPROCESSOR_DEFINITIONS = (
					"DEBUG=1",
					"$(inherited)",
				);
				GCC_WARN_64_TO_32_BIT_CONVERSION = YES;
				GCC_WARN_ABOUT_RETURN_TYPE = YES_ERROR;
				GCC_WARN_UNDECLARED_SELECTOR = YES;
				GCC_WARN_UNINITIALIZED_AUTOS = YES_AGGRESSIVE;
				GCC_WARN_UNUSED_FUNCTION = YES;
				GCC_WARN_UNUSED_VARIABLE = YES;
				IPHONEOS_DEPLOYMENT_TARGET = 9.3;
				MTL_ENABLE_DEBUG_INFO = YES;
				ONLY_ACTIVE_ARCH = YES;
				SDKROOT = iphoneos;
				SWIFT_OPTIMIZATION_LEVEL = "-Onone";
			};
			name = Debug;
		};
		4FE4BC8E1CB439DA0076E260 /* Release */ = {
			isa = XCBuildConfiguration;
			buildSettings = {
				ALWAYS_SEARCH_USER_PATHS = NO;
				CLANG_ANALYZER_NONNULL = YES;
				CLANG_CXX_LANGUAGE_STANDARD = "gnu++0x";
				CLANG_CXX_LIBRARY = "libc++";
				CLANG_ENABLE_MODULES = YES;
				CLANG_ENABLE_OBJC_ARC = YES;
				CLANG_WARN_BOOL_CONVERSION = YES;
				CLANG_WARN_CONSTANT_CONVERSION = YES;
				CLANG_WARN_DIRECT_OBJC_ISA_USAGE = YES_ERROR;
				CLANG_WARN_EMPTY_BODY = YES;
				CLANG_WARN_ENUM_CONVERSION = YES;
				CLANG_WARN_INT_CONVERSION = YES;
				CLANG_WARN_OBJC_ROOT_CLASS = YES_ERROR;
				CLANG_WARN_UNREACHABLE_CODE = YES;
				CLANG_WARN__DUPLICATE_METHOD_MATCH = YES;
				"CODE_SIGN_IDENTITY[sdk=iphoneos*]" = "iPhone Developer";
				COPY_PHASE_STRIP = NO;
				DEBUG_INFORMATION_FORMAT = "dwarf-with-dsym";
				ENABLE_NS_ASSERTIONS = NO;
				ENABLE_STRICT_OBJC_MSGSEND = YES;
				GCC_C_LANGUAGE_STANDARD = gnu99;
				GCC_NO_COMMON_BLOCKS = YES;
				GCC_WARN_64_TO_32_BIT_CONVERSION = YES;
				GCC_WARN_ABOUT_RETURN_TYPE = YES_ERROR;
				GCC_WARN_UNDECLARED_SELECTOR = YES;
				GCC_WARN_UNINITIALIZED_AUTOS = YES_AGGRESSIVE;
				GCC_WARN_UNUSED_FUNCTION = YES;
				GCC_WARN_UNUSED_VARIABLE = YES;
				IPHONEOS_DEPLOYMENT_TARGET = 9.3;
				MTL_ENABLE_DEBUG_INFO = NO;
				SDKROOT = iphoneos;
				VALIDATE_PRODUCT = YES;
			};
			name = Release;
		};
		4FE4BC901CB439DB0076E260 /* Debug */ = {
			isa = XCBuildConfiguration;
			buildSettings = {
				ASSETCATALOG_COMPILER_APPICON_NAME = AppIcon;
				CODE_SIGN_IDENTITY = "iPhone Developer";
				"CODE_SIGN_IDENTITY[sdk=iphoneos*]" = "iPhone Developer";
				INFOPLIST_FILE = ClearStyle/Info.plist;
				LD_RUNPATH_SEARCH_PATHS = "$(inherited) @executable_path/Frameworks";
				PRODUCT_BUNDLE_IDENTIFIER = NishanthGolla.ClearStyle;
				PRODUCT_NAME = "$(TARGET_NAME)";
				PROVISIONING_PROFILE = "";
			};
			name = Debug;
		};
		4FE4BC911CB439DB0076E260 /* Release */ = {
			isa = XCBuildConfiguration;
			buildSettings = {
				ASSETCATALOG_COMPILER_APPICON_NAME = AppIcon;
				CODE_SIGN_IDENTITY = "iPhone Developer";
				"CODE_SIGN_IDENTITY[sdk=iphoneos*]" = "iPhone Developer";
				INFOPLIST_FILE = ClearStyle/Info.plist;
				LD_RUNPATH_SEARCH_PATHS = "$(inherited) @executable_path/Frameworks";
				PRODUCT_BUNDLE_IDENTIFIER = NishanthGolla.ClearStyle;
				PRODUCT_NAME = "$(TARGET_NAME)";
				PROVISIONING_PROFILE = "";
			};
			name = Release;
		};
/* End XCBuildConfiguration section */

/* Begin XCConfigurationList section */
		4FE4BC781CB439DA0076E260 /* Build configuration list for PBXProject "ClearStyle" */ = {
			isa = XCConfigurationList;
			buildConfigurations = (
				4FE4BC8D1CB439DA0076E260 /* Debug */,
				4FE4BC8E1CB439DA0076E260 /* Release */,
			);
			defaultConfigurationIsVisible = 0;
			defaultConfigurationName = Release;
		};
		4FE4BC8F1CB439DB0076E260 /* Build configuration list for PBXNativeTarget "ClearStyle" */ = {
			isa = XCConfigurationList;
			buildConfigurations = (
				4FE4BC901CB439DB0076E260 /* Debug */,
				4FE4BC911CB439DB0076E260 /* Release */,
			);
			defaultConfigurationIsVisible = 0;
		};
/* End XCConfigurationList section */
	};
	rootObject = 4FE4BC751CB439DA0076E260 /* Project object */;
}
